
Microsoft Visual Studio Solution File, Format Version 12.00
# Visual Studio Version 16
VisualStudioVersion = 16.0.30621.155
MinimumVisualStudioVersion = 10.0.40219.1
Project("{FAE04EC0-301F-11D3-BF4B-00C04F79EFBC}") = "NadoMapper", "NadoMapper\NadoMapper.csproj", "{72DAF59E-BC69-478A-A7D6-4CCB2D038CB0}"
EndProject
Global
	GlobalSection(SolutionConfigurationPlatforms) = preSolution
		Debug|Any CPU = Debug|Any CPU
		Release|Any CPU = Release|Any CPU
	EndGlobalSection
	GlobalSection(ProjectConfigurationPlatforms) = postSolution
		{72DAF59E-BC69-478A-A7D6-4CCB2D038CB0}.Debug|Any CPU.ActiveCfg = Debug|Any CPU
		{72DAF59E-BC69-478A-A7D6-4CCB2D038CB0}.Debug|Any CPU.Build.0 = Debug|Any CPU
		{72DAF59E-BC69-478A-A7D6-4CCB2D038CB0}.Release|Any CPU.ActiveCfg = Release|Any CPU
		{72DAF59E-BC69-478A-A7D6-4CCB2D038CB0}.Release|Any CPU.Build.0 = Release|Any CPU
	EndGlobalSection
	GlobalSection(SolutionProperties) = preSolution
		HideSolutionNode = FALSE
	EndGlobalSection
	GlobalSection(ExtensibilityGlobals) = postSolution
		SolutionGuid = {4D366F7C-824A-4615-B5E5-FA3F14816BFC}
	EndGlobalSection
EndGlobal
